// !$*UTF8*$!
{
	archiveVersion = 1;
	classes = {
	};
	objectVersion = 77;
	objects = {

/* Begin PBXBuildFile section */
		7C7FAB192DE97F230022B015 /* FirebaseCrashlytics in Frameworks */ = {isa = PBXBuildFile; productRef = 7C7FAB182DE97F230022B015 /* FirebaseCrashlytics */; };
		7C7FAB1B2DE97F330022B015 /* FirebasePerformance in Frameworks */ = {isa = PBXBuildFile; productRef = 7C7FAB1A2DE97F330022B015 /* FirebasePerformance */; };
		7CA6B6702DE4606D00382166 /* Networking in Frameworks */ = {isa = PBXBuildFile; productRef = 7CA6B66F2DE4606D00382166 /* Networking */; };
/* End PBXBuildFile section */

/* Begin PBXContainerItemProxy section */
		7CE349652DFE12EF00E6A23B /* PBXContainerItemProxy */ = {
			isa = PBXContainerItemProxy;
			containerPortal = 7CA6B6562DE3E20D00382166 /* Project object */;
			proxyType = 1;
			remoteGlobalIDString = 7CA6B65D2DE3E20D00382166;
			remoteInfo = CatsAndModules_YevaPilat2;
		};
/* End PBXContainerItemProxy section */

/* Begin PBXFileReference section */
		7CA6B65E2DE3E20D00382166 /* CatsAndModules_YevaPilat2.app */ = {isa = PBXFileReference; explicitFileType = wrapper.application; includeInIndex = 0; path = CatsAndModules_YevaPilat2.app; sourceTree = BUILT_PRODUCTS_DIR; };
		7CE3495F2DFE12EF00E6A23B /* CatsAndModules_YevaPilat2UITests.xctest */ = {isa = PBXFileReference; explicitFileType = wrapper.cfbundle; includeInIndex = 0; path = CatsAndModules_YevaPilat2UITests.xctest; sourceTree = BUILT_PRODUCTS_DIR; };
/* End PBXFileReference section */

/* Begin PBXFileSystemSynchronizedRootGroup section */
		7CA6B6602DE3E20D00382166 /* CatsAndModules_YevaPilat2 */ = {
			isa = PBXFileSystemSynchronizedRootGroup;
			path = CatsAndModules_YevaPilat2;
			sourceTree = "<group>";
		};
		7CE349602DFE12EF00E6A23B /* CatsAndModules_YevaPilat2UITests */ = {
			isa = PBXFileSystemSynchronizedRootGroup;
			path = CatsAndModules_YevaPilat2UITests;
			sourceTree = "<group>";
		};
/* End PBXFileSystemSynchronizedRootGroup section */

/* Begin PBXFrameworksBuildPhase section */
		7CA6B65B2DE3E20D00382166 /* Frameworks */ = {
			isa = PBXFrameworksBuildPhase;
			buildActionMask = 2147483647;
			files = (
				7C7FAB1B2DE97F330022B015 /* FirebasePerformance in Frameworks */,
				7C7FAB192DE97F230022B015 /* FirebaseCrashlytics in Frameworks */,
				7CA6B6702DE4606D00382166 /* Networking in Frameworks */,
			);
			runOnlyForDeploymentPostprocessing = 0;
		};
		7CE3495C2DFE12EF00E6A23B /* Frameworks */ = {
			isa = PBXFrameworksBuildPhase;
			buildActionMask = 2147483647;
			files = (
			);
			runOnlyForDeploymentPostprocessing = 0;
		};
/* End PBXFrameworksBuildPhase section */

/* Begin PBXGroup section */
		7CA6B6552DE3E20D00382166 = {
			isa = PBXGroup;
			children = (
				7CA6B6602DE3E20D00382166 /* CatsAndModules_YevaPilat2 */,
				7CE349602DFE12EF00E6A23B /* CatsAndModules_YevaPilat2UITests */,
				7CA6B6712DE4624800382166 /* Frameworks */,
				7CA6B65F2DE3E20D00382166 /* Products */,
			);
			sourceTree = "<group>";
		};
		7CA6B65F2DE3E20D00382166 /* Products */ = {
			isa = PBXGroup;
			children = (
				7CA6B65E2DE3E20D00382166 /* CatsAndModules_YevaPilat2.app */,
				7CE3495F2DFE12EF00E6A23B /* CatsAndModules_YevaPilat2UITests.xctest */,
			);
			name = Products;
			sourceTree = "<group>";
		};
		7CA6B6712DE4624800382166 /* Frameworks */ = {
			isa = PBXGroup;
			children = (
			);
			name = Frameworks;
			sourceTree = "<group>";
		};
/* End PBXGroup section */

/* Begin PBXNativeTarget section */
		7CA6B65D2DE3E20D00382166 /* CatsAndModules_YevaPilat2 */ = {
			isa = PBXNativeTarget;
			buildConfigurationList = 7CA6B6692DE3E20E00382166 /* Build configuration list for PBXNativeTarget "CatsAndModules_YevaPilat2" */;
			buildPhases = (
				7CA6B65A2DE3E20D00382166 /* Sources */,
				7CA6B65B2DE3E20D00382166 /* Frameworks */,
				7CA6B65C2DE3E20D00382166 /* Resources */,
				7C7FAB172DE91A210022B015 /* ShellScript */,
			);
			buildRules = (
			);
			dependencies = (
			);
			fileSystemSynchronizedGroups = (
				7CA6B6602DE3E20D00382166 /* CatsAndModules_YevaPilat2 */,
			);
			name = CatsAndModules_YevaPilat2;
			packageProductDependencies = (
				7CA6B66F2DE4606D00382166 /* Networking */,
				7C7FAB182DE97F230022B015 /* FirebaseCrashlytics */,
				7C7FAB1A2DE97F330022B015 /* FirebasePerformance */,
			);
			productName = CatsAndModules_YevaPilat2;
			productReference = 7CA6B65E2DE3E20D00382166 /* CatsAndModules_YevaPilat2.app */;
			productType = "com.apple.product-type.application";
		};
		7CE3495E2DFE12EF00E6A23B /* CatsAndModules_YevaPilat2UITests */ = {
			isa = PBXNativeTarget;
			buildConfigurationList = 7CE349692DFE12EF00E6A23B /* Build configuration list for PBXNativeTarget "CatsAndModules_YevaPilat2UITests" */;
			buildPhases = (
				7CE3495B2DFE12EF00E6A23B /* Sources */,
				7CE3495C2DFE12EF00E6A23B /* Frameworks */,
				7CE3495D2DFE12EF00E6A23B /* Resources */,
			);
			buildRules = (
			);
			dependencies = (
				7CE349662DFE12EF00E6A23B /* PBXTargetDependency */,
			);
			fileSystemSynchronizedGroups = (
				7CE349602DFE12EF00E6A23B /* CatsAndModules_YevaPilat2UITests */,
			);
			name = CatsAndModules_YevaPilat2UITests;
			packageProductDependencies = (
			);
			productName = CatsAndModules_YevaPilat2UITests;
			productReference = 7CE3495F2DFE12EF00E6A23B /* CatsAndModules_YevaPilat2UITests.xctest */;
			productType = "com.apple.product-type.bundle.ui-testing";
		};
/* End PBXNativeTarget section */

/* Begin PBXProject section */
		7CA6B6562DE3E20D00382166 /* Project object */ = {
			isa = PBXProject;
			attributes = {
				BuildIndependentTargetsInParallel = 1;
				LastSwiftUpdateCheck = 1640;
				LastUpgradeCheck = 1630;
				TargetAttributes = {
					7CA6B65D2DE3E20D00382166 = {
						CreatedOnToolsVersion = 16.3;
					};
					7CE3495E2DFE12EF00E6A23B = {
						CreatedOnToolsVersion = 16.4;
						TestTargetID = 7CA6B65D2DE3E20D00382166;
					};
				};
			};
			buildConfigurationList = 7CA6B6592DE3E20D00382166 /* Build configuration list for PBXProject "CatsAndModules_YevaPilat2" */;
			developmentRegion = en;
			hasScannedForEncodings = 0;
			knownRegions = (
				en,
				Base,
			);
			mainGroup = 7CA6B6552DE3E20D00382166;
			minimizedProjectReferenceProxies = 1;
			packageReferences = (
				7CA6B66E2DE4606D00382166 /* XCLocalSwiftPackageReference "../CatsAndModules_YevaPilat/Networking" */,
				7C7FAB102DE915E10022B015 /* XCRemoteSwiftPackageReference "firebase-ios-sdk" */,
			);
			preferredProjectObjectVersion = 77;
			productRefGroup = 7CA6B65F2DE3E20D00382166 /* Products */;
			projectDirPath = "";
			projectRoot = "";
			targets = (
				7CA6B65D2DE3E20D00382166 /* CatsAndModules_YevaPilat2 */,
				7CE3495E2DFE12EF00E6A23B /* CatsAndModules_YevaPilat2UITests */,
			);
		};
/* End PBXProject section */

/* Begin PBXResourcesBuildPhase section */
		7CA6B65C2DE3E20D00382166 /* Resources */ = {
			isa = PBXResourcesBuildPhase;
			buildActionMask = 2147483647;
			files = (
			);
			runOnlyForDeploymentPostprocessing = 0;
		};
		7CE3495D2DFE12EF00E6A23B /* Resources */ = {
			isa = PBXResourcesBuildPhase;
			buildActionMask = 2147483647;
			files = (
			);
			runOnlyForDeploymentPostprocessing = 0;
		};
/* End PBXResourcesBuildPhase section */

/* Begin PBXShellScriptBuildPhase section */
		7C7FAB172DE91A210022B015 /* ShellScript */ = {
			isa = PBXShellScriptBuildPhase;
			buildActionMask = 2147483647;
			files = (
			);
			inputFileListPaths = (
			);
			inputPaths = (
				"${DWARF_DSYM_FOLDER_PATH}/${DWARF_DSYM_FILE_NAME}",
				"${DWARF_DSYM_FOLDER_PATH}/${DWARF_DSYM_FILE_NAME}/Contents/Resources/DWARF/${PRODUCT_NAME}",
				"${DWARF_DSYM_FOLDER_PATH}/${DWARF_DSYM_FILE_NAME}/Contents/Info.plist",
				"$(TARGET_BUILD_DIR)/$(UNLOCALIZED_RESOURCES_FOLDER_PATH)/GoogleService-Info.plist",
				"$(TARGET_BUILD_DIR)/$(EXECUTABLE_PATH)",
				"${DWARF_DSYM_FOLDER_PATH}/${DWARF_DSYM_FILE_NAME}/Contents/Resources/DWARF/${PRODUCT_NAME}.debug.dylib",
			);
			outputFileListPaths = (
			);
			outputPaths = (
			);
			runOnlyForDeploymentPostprocessing = 0;
			shellPath = /bin/sh;
			shellScript = "# Type a script or drag a script file from your workspace to insert its path.\n\"${BUILD_DIR%/Build/*}/SourcePackages/checkouts/firebase-ios-sdk/Crashlytics/run\"\n";
		};
/* End PBXShellScriptBuildPhase section */

/* Begin PBXSourcesBuildPhase section */
		7CA6B65A2DE3E20D00382166 /* Sources */ = {
			isa = PBXSourcesBuildPhase;
			buildActionMask = 2147483647;
			files = (
			);
			runOnlyForDeploymentPostprocessing = 0;
		};
		7CE3495B2DFE12EF00E6A23B /* Sources */ = {
			isa = PBXSourcesBuildPhase;
			buildActionMask = 2147483647;
			files = (
			);
			runOnlyForDeploymentPostprocessing = 0;
		};
/* End PBXSourcesBuildPhase section */

/* Begin PBXTargetDependency section */
		7CE349662DFE12EF00E6A23B /* PBXTargetDependency */ = {
			isa = PBXTargetDependency;
			target = 7CA6B65D2DE3E20D00382166 /* CatsAndModules_YevaPilat2 */;
			targetProxy = 7CE349652DFE12EF00E6A23B /* PBXContainerItemProxy */;
		};
/* End PBXTargetDependency section */

/* Begin XCBuildConfiguration section */
		7CA6B6672DE3E20E00382166 /* Debug */ = {
			isa = XCBuildConfiguration;
			buildSettings = {
				ALWAYS_SEARCH_USER_PATHS = NO;
				ASSETCATALOG_COMPILER_GENERATE_SWIFT_ASSET_SYMBOL_EXTENSIONS = YES;
				CLANG_ANALYZER_NONNULL = YES;
				CLANG_ANALYZER_NUMBER_OBJECT_CONVERSION = YES_AGGRESSIVE;
				CLANG_CXX_LANGUAGE_STANDARD = "gnu++20";
				CLANG_ENABLE_MODULES = YES;
				CLANG_ENABLE_OBJC_ARC = YES;
				CLANG_ENABLE_OBJC_WEAK = YES;
				CLANG_WARN_BLOCK_CAPTURE_AUTORELEASING = YES;
				CLANG_WARN_BOOL_CONVERSION = YES;
				CLANG_WARN_COMMA = YES;
				CLANG_WARN_CONSTANT_CONVERSION = YES;
				CLANG_WARN_DEPRECATED_OBJC_IMPLEMENTATIONS = YES;
				CLANG_WARN_DIRECT_OBJC_ISA_USAGE = YES_ERROR;
				CLANG_WARN_DOCUMENTATION_COMMENTS = YES;
				CLANG_WARN_EMPTY_BODY = YES;
				CLANG_WARN_ENUM_CONVERSION = YES;
				CLANG_WARN_INFINITE_RECURSION = YES;
				CLANG_WARN_INT_CONVERSION = YES;
				CLANG_WARN_NON_LITERAL_NULL_CONVERSION = YES;
				CLANG_WARN_OBJC_IMPLICIT_RETAIN_SELF = YES;
				CLANG_WARN_OBJC_LITERAL_CONVERSION = YES;
				CLANG_WARN_OBJC_ROOT_CLASS = YES_ERROR;
				CLANG_WARN_QUOTED_INCLUDE_IN_FRAMEWORK_HEADER = YES;
				CLANG_WARN_RANGE_LOOP_ANALYSIS = YES;
				CLANG_WARN_STRICT_PROTOTYPES = YES;
				CLANG_WARN_SUSPICIOUS_MOVE = YES;
				CLANG_WARN_UNGUARDED_AVAILABILITY = YES_AGGRESSIVE;
				CLANG_WARN_UNREACHABLE_CODE = YES;
				CLANG_WARN__DUPLICATE_METHOD_MATCH = YES;
				COPY_PHASE_STRIP = NO;
				DEBUG_INFORMATION_FORMAT = dwarf;
				DEVELOPMENT_TEAM = D85QWSUNYA;
				ENABLE_STRICT_OBJC_MSGSEND = YES;
				ENABLE_TESTABILITY = YES;
				ENABLE_USER_SCRIPT_SANDBOXING = YES;
				GCC_C_LANGUAGE_STANDARD = gnu17;
				GCC_DYNAMIC_NO_PIC = NO;
				GCC_NO_COMMON_BLOCKS = YES;
				GCC_OPTIMIZATION_LEVEL = 0;
				GCC_PREPROCESSOR_DEFINITIONS = (
					"DEBUG=1",
					"$(inherited)",
				);
				GCC_WARN_64_TO_32_BIT_CONVERSION = YES;
				GCC_WARN_ABOUT_RETURN_TYPE = YES_ERROR;
				GCC_WARN_UNDECLARED_SELECTOR = YES;
				GCC_WARN_UNINITIALIZED_AUTOS = YES_AGGRESSIVE;
				GCC_WARN_UNUSED_FUNCTION = YES;
				GCC_WARN_UNUSED_VARIABLE = YES;
				IPHONEOS_DEPLOYMENT_TARGET = 18.4;
				LOCALIZATION_PREFERS_STRING_CATALOGS = YES;
				MTL_ENABLE_DEBUG_INFO = INCLUDE_SOURCE;
				MTL_FAST_MATH = YES;
				ONLY_ACTIVE_ARCH = YES;
				SDKROOT = iphoneos;
				SWIFT_ACTIVE_COMPILATION_CONDITIONS = "DEBUG $(inherited)";
				SWIFT_OPTIMIZATION_LEVEL = "-Onone";
			};
			name = Debug;
		};
		7CA6B6682DE3E20E00382166 /* Release */ = {
			isa = XCBuildConfiguration;
			buildSettings = {
				ALWAYS_SEARCH_USER_PATHS = NO;
				ASSETCATALOG_COMPILER_GENERATE_SWIFT_ASSET_SYMBOL_EXTENSIONS = YES;
				CLANG_ANALYZER_NONNULL = YES;
				CLANG_ANALYZER_NUMBER_OBJECT_CONVERSION = YES_AGGRESSIVE;
				CLANG_CXX_LANGUAGE_STANDARD = "gnu++20";
				CLANG_ENABLE_MODULES = YES;
				CLANG_ENABLE_OBJC_ARC = YES;
				CLANG_ENABLE_OBJC_WEAK = YES;
				CLANG_WARN_BLOCK_CAPTURE_AUTORELEASING = YES;
				CLANG_WARN_BOOL_CONVERSION = YES;
				CLANG_WARN_COMMA = YES;
				CLANG_WARN_CONSTANT_CONVERSION = YES;
				CLANG_WARN_DEPRECATED_OBJC_IMPLEMENTATIONS = YES;
				CLANG_WARN_DIRECT_OBJC_ISA_USAGE = YES_ERROR;
				CLANG_WARN_DOCUMENTATION_COMMENTS = YES;
				CLANG_WARN_EMPTY_BODY = YES;
				CLANG_WARN_ENUM_CONVERSION = YES;
				CLANG_WARN_INFINITE_RECURSION = YES;
				CLANG_WARN_INT_CONVERSION = YES;
				CLANG_WARN_NON_LITERAL_NULL_CONVERSION = YES;
				CLANG_WARN_OBJC_IMPLICIT_RETAIN_SELF = YES;
				CLANG_WARN_OBJC_LITERAL_CONVERSION = YES;
				CLANG_WARN_OBJC_ROOT_CLASS = YES_ERROR;
				CLANG_WARN_QUOTED_INCLUDE_IN_FRAMEWORK_HEADER = YES;
				CLANG_WARN_RANGE_LOOP_ANALYSIS = YES;
				CLANG_WARN_STRICT_PROTOTYPES = YES;
				CLANG_WARN_SUSPICIOUS_MOVE = YES;
				CLANG_WARN_UNGUARDED_AVAILABILITY = YES_AGGRESSIVE;
				CLANG_WARN_UNREACHABLE_CODE = YES;
				CLANG_WARN__DUPLICATE_METHOD_MATCH = YES;
				COPY_PHASE_STRIP = NO;
				DEBUG_INFORMATION_FORMAT = "dwarf-with-dsym";
				DEVELOPMENT_TEAM = D85QWSUNYA;
				ENABLE_NS_ASSERTIONS = NO;
				ENABLE_STRICT_OBJC_MSGSEND = YES;
				ENABLE_USER_SCRIPT_SANDBOXING = YES;
				GCC_C_LANGUAGE_STANDARD = gnu17;
				GCC_NO_COMMON_BLOCKS = YES;
				GCC_WARN_64_TO_32_BIT_CONVERSION = YES;
				GCC_WARN_ABOUT_RETURN_TYPE = YES_ERROR;
				GCC_WARN_UNDECLARED_SELECTOR = YES;
				GCC_WARN_UNINITIALIZED_AUTOS = YES_AGGRESSIVE;
				GCC_WARN_UNUSED_FUNCTION = YES;
				GCC_WARN_UNUSED_VARIABLE = YES;
				IPHONEOS_DEPLOYMENT_TARGET = 18.4;
				LOCALIZATION_PREFERS_STRING_CATALOGS = YES;
				MTL_ENABLE_DEBUG_INFO = NO;
				MTL_FAST_MATH = YES;
				SDKROOT = iphoneos;
				SWIFT_COMPILATION_MODE = wholemodule;
				VALIDATE_PRODUCT = YES;
			};
			name = Release;
		};
		7CA6B66A2DE3E20E00382166 /* Debug */ = {
			isa = XCBuildConfiguration;
			buildSettings = {
				ANIMAL_MODE_VALUE = DOGS;
				ASSETCATALOG_COMPILER_APPICON_NAME = AppIcon;
				ASSETCATALOG_COMPILER_GLOBAL_ACCENT_COLOR_NAME = AccentColor;
				"CODE_SIGN_IDENTITY[sdk=iphoneos*]" = "iPhone Developer";
				CODE_SIGN_STYLE = Manual;
				CURRENT_PROJECT_VERSION = 1.1;
				DEBUG_INFORMATION_FORMAT = "dwarf-with-dsym";
				DEVELOPMENT_TEAM = "";
				"DEVELOPMENT_TEAM[sdk=iphoneos*]" = D85QWSUNYA;
				ENABLE_PREVIEWS = YES;
				GENERATE_INFOPLIST_FILE = YES;
				INFOPLIST_FILE = "CatsAndModules-YevaPilat2-Info.plist";
				INFOPLIST_KEY_UIApplicationSceneManifest_Generation = YES;
				INFOPLIST_KEY_UIApplicationSupportsIndirectInputEvents = YES;
				INFOPLIST_KEY_UILaunchScreen_Generation = YES;
				INFOPLIST_KEY_UISupportedInterfaceOrientations_iPad = "UIInterfaceOrientationPortrait UIInterfaceOrientationPortraitUpsideDown UIInterfaceOrientationLandscapeLeft UIInterfaceOrientationLandscapeRight";
				INFOPLIST_KEY_UISupportedInterfaceOrientations_iPhone = "UIInterfaceOrientationPortrait UIInterfaceOrientationLandscapeLeft UIInterfaceOrientationLandscapeRight";
				LD_RUNPATH_SEARCH_PATHS = (
					"$(inherited)",
					"@executable_path/Frameworks",
				);
				MARKETING_VERSION = 1.0;
				PRODUCT_BUNDLE_IDENTIFIER = "ua.edu.ukma.apple-env.matvieieva.CatsAndModules-YevaPilat2";
				PRODUCT_NAME = "$(TARGET_NAME)";
				PROVISIONING_PROFILE_SPECIFIER = "";
				"PROVISIONING_PROFILE_SPECIFIER[sdk=iphoneos*]" = "Apple-ENV Matvieieva Profile";
				SWIFT_EMIT_LOC_STRINGS = YES;
				SWIFT_VERSION = 5.0;
				TARGETED_DEVICE_FAMILY = "1,2";
			};
			name = Debug;
		};
		7CA6B66B2DE3E20E00382166 /* Release */ = {
			isa = XCBuildConfiguration;
			buildSettings = {
				ANIMAL_MODE_VALUE = DOGS;
				ASSETCATALOG_COMPILER_APPICON_NAME = AppIcon;
				ASSETCATALOG_COMPILER_GLOBAL_ACCENT_COLOR_NAME = AccentColor;
				"CODE_SIGN_IDENTITY[sdk=iphoneos*]" = "iPhone Developer";
				CODE_SIGN_STYLE = Manual;
				CURRENT_PROJECT_VERSION = 1.1;
				DEBUG_INFORMATION_FORMAT = "dwarf-with-dsym";
				DEVELOPMENT_TEAM = "";
				"DEVELOPMENT_TEAM[sdk=iphoneos*]" = D85QWSUNYA;
				ENABLE_PREVIEWS = YES;
				GENERATE_INFOPLIST_FILE = YES;
				INFOPLIST_FILE = "CatsAndModules-YevaPilat2-Info.plist";
				INFOPLIST_KEY_UIApplicationSceneManifest_Generation = YES;
				INFOPLIST_KEY_UIApplicationSupportsIndirectInputEvents = YES;
				INFOPLIST_KEY_UILaunchScreen_Generation = YES;
				INFOPLIST_KEY_UISupportedInterfaceOrientations_iPad = "UIInterfaceOrientationPortrait UIInterfaceOrientationPortraitUpsideDown UIInterfaceOrientationLandscapeLeft UIInterfaceOrientationLandscapeRight";
				INFOPLIST_KEY_UISupportedInterfaceOrientations_iPhone = "UIInterfaceOrientationPortrait UIInterfaceOrientationLandscapeLeft UIInterfaceOrientationLandscapeRight";
				LD_RUNPATH_SEARCH_PATHS = (
					"$(inherited)",
					"@executable_path/Frameworks",
				);
				MARKETING_VERSION = 1.0;
				PRODUCT_BUNDLE_IDENTIFIER = "ua.edu.ukma.apple-env.matvieieva.CatsAndModules-YevaPilat2";
				PRODUCT_NAME = "$(TARGET_NAME)";
				PROVISIONING_PROFILE_SPECIFIER = "";
				"PROVISIONING_PROFILE_SPECIFIER[sdk=iphoneos*]" = "Apple-ENV Matvieieva Profile";
				SWIFT_EMIT_LOC_STRINGS = YES;
				SWIFT_VERSION = 5.0;
				TARGETED_DEVICE_FAMILY = "1,2";
			};
			name = Release;
		};
		7CE349672DFE12EF00E6A23B /* Debug */ = {
			isa = XCBuildConfiguration;
			buildSettings = {
				CODE_SIGN_STYLE = Automatic;
				CURRENT_PROJECT_VERSION = 1;
				DEVELOPMENT_TEAM = D85QWSUNYA;
				GENERATE_INFOPLIST_FILE = YES;
				IPHONEOS_DEPLOYMENT_TARGET = 18.0;
				MARKETING_VERSION = 1.0;
				PRODUCT_BUNDLE_IDENTIFIER = "ua.edu.ukma.pilat.CatsAndModules-YevaPilat2UITests";
				PRODUCT_NAME = "$(TARGET_NAME)";
				SWIFT_EMIT_LOC_STRINGS = NO;
				SWIFT_VERSION = 5.0;
				TARGETED_DEVICE_FAMILY = "1,2";
				TEST_TARGET_NAME = CatsAndModules_YevaPilat2;
			};
			name = Debug;
		};
		7CE349682DFE12EF00E6A23B /* Release */ = {
			isa = XCBuildConfiguration;
			buildSettings = {
				CODE_SIGN_STYLE = Automatic;
				CURRENT_PROJECT_VERSION = 1;
				DEVELOPMENT_TEAM = D85QWSUNYA;
				GENERATE_INFOPLIST_FILE = YES;
				IPHONEOS_DEPLOYMENT_TARGET = 18.0;
				MARKETING_VERSION = 1.0;
				PRODUCT_BUNDLE_IDENTIFIER = "ua.edu.ukma.pilat.CatsAndModules-YevaPilat2UITests";
				PRODUCT_NAME = "$(TARGET_NAME)";
				SWIFT_EMIT_LOC_STRINGS = NO;
				SWIFT_VERSION = 5.0;
				TARGETED_DEVICE_FAMILY = "1,2";
				TEST_TARGET_NAME = CatsAndModules_YevaPilat2;
			};
			name = Release;
		};
/* End XCBuildConfiguration section */

/* Begin XCConfigurationList section */
		7CA6B6592DE3E20D00382166 /* Build configuration list for PBXProject "CatsAndModules_YevaPilat2" */ = {
			isa = XCConfigurationList;
			buildConfigurations = (
				7CA6B6672DE3E20E00382166 /* Debug */,
				7CA6B6682DE3E20E00382166 /* Release */,
			);
			defaultConfigurationIsVisible = 0;
			defaultConfigurationName = Release;
		};
		7CA6B6692DE3E20E00382166 /* Build configuration list for PBXNativeTarget "CatsAndModules_YevaPilat2" */ = {
			isa = XCConfigurationList;
			buildConfigurations = (
				7CA6B66A2DE3E20E00382166 /* Debug */,
				7CA6B66B2DE3E20E00382166 /* Release */,
			);
			defaultConfigurationIsVisible = 0;
			defaultConfigurationName = Release;
		};
		7CE349692DFE12EF00E6A23B /* Build configuration list for PBXNativeTarget "CatsAndModules_YevaPilat2UITests" */ = {
			isa = XCConfigurationList;
			buildConfigurations = (
				7CE349672DFE12EF00E6A23B /* Debug */,
				7CE349682DFE12EF00E6A23B /* Release */,
			);
			defaultConfigurationIsVisible = 0;
			defaultConfigurationName = Release;
		};
/* End XCConfigurationList section */

/* Begin XCLocalSwiftPackageReference section */
		7CA6B66E2DE4606D00382166 /* XCLocalSwiftPackageReference "../CatsAndModules_YevaPilat/Networking" */ = {
			isa = XCLocalSwiftPackageReference;
			relativePath = ../CatsAndModules_YevaPilat/Networking;
		};
/* End XCLocalSwiftPackageReference section */

/* Begin XCRemoteSwiftPackageReference section */
		7C7FAB102DE915E10022B015 /* XCRemoteSwiftPackageReference "firebase-ios-sdk" */ = {
			isa = XCRemoteSwiftPackageReference;
			repositoryURL = "https://github.com/firebase/firebase-ios-sdk";
			requirement = {
				kind = upToNextMajorVersion;
				minimumVersion = 11.13.0;
			};
		};
/* End XCRemoteSwiftPackageReference section */

/* Begin XCSwiftPackageProductDependency section */
		7C7FAB182DE97F230022B015 /* FirebaseCrashlytics */ = {
			isa = XCSwiftPackageProductDependency;
			package = 7C7FAB102DE915E10022B015 /* XCRemoteSwiftPackageReference "firebase-ios-sdk" */;
			productName = FirebaseCrashlytics;
		};
		7C7FAB1A2DE97F330022B015 /* FirebasePerformance */ = {
			isa = XCSwiftPackageProductDependency;
			package = 7C7FAB102DE915E10022B015 /* XCRemoteSwiftPackageReference "firebase-ios-sdk" */;
			productName = FirebasePerformance;
		};
		7CA6B66F2DE4606D00382166 /* Networking */ = {
			isa = XCSwiftPackageProductDependency;
			productName = Networking;
		};
/* End XCSwiftPackageProductDependency section */
	};
	rootObject = 7CA6B6562DE3E20D00382166 /* Project object */;
}
